
Microsoft Visual Studio Solution File, Format Version 12.00
# Visual Studio 2013
VisualStudioVersion = 12.0.31101.0
MinimumVisualStudioVersion = 10.0.40219.1
Project("{FAE04EC0-301F-11D3-BF4B-00C04F79EFBC}") = "BHIC.Core.WC", "BHIC.Core\BHIC.Core.WC.csproj", "{55F05B0D-B992-4EB1-91A5-9274ADCFAAAA}"
	ProjectSection(ProjectDependencies) = postProject
		{3733BF06-DAB1-4264-9892-B2095C7B5636} = {3733BF06-DAB1-4264-9892-B2095C7B5636}
		{7C5C6D0F-90AB-41D6-9863-468AE3F96CB6} = {7C5C6D0F-90AB-41D6-9863-468AE3F96CB6}
		{1AA9AF35-8D49-4406-B1F0-0FB7AD69BFB1} = {1AA9AF35-8D49-4406-B1F0-0FB7AD69BFB1}
		{35BC1847-77A6-44DB-BBEB-25A99A5F700E} = {35BC1847-77A6-44DB-BBEB-25A99A5F700E}
		{1127C27C-68F5-4525-A68A-72367147A4CB} = {1127C27C-68F5-4525-A68A-72367147A4CB}
		{A3B360BC-6D15-4DA6-BB04-551E6BE45965} = {A3B360BC-6D15-4DA6-BB04-551E6BE45965}
		{F69D09CC-9732-4BCF-B95F-8F9A4C47663E} = {F69D09CC-9732-4BCF-B95F-8F9A4C47663E}
		{CE7F0ECE-CF1A-4453-8E88-AA6A8D978A5B} = {CE7F0ECE-CF1A-4453-8E88-AA6A8D978A5B}
		{CAFA6ACE-09BC-4F38-AD61-641576F3333D} = {CAFA6ACE-09BC-4F38-AD61-641576F3333D}
		{797663FA-3772-47C1-9E2C-6D2EA3BE2A11} = {797663FA-3772-47C1-9E2C-6D2EA3BE2A11}
	EndProjectSection
EndProject
Project("{2150E333-8FDC-42A3-9474-1A3956D46DE8}") = ".nuget", ".nuget", "{8DB2C0A6-89EB-4F34-988A-1E1F9A60CE6C}"
	ProjectSection(SolutionItems) = preProject
		.nuget\NuGet.Config = .nuget\NuGet.Config
		.nuget\NuGet.exe = .nuget\NuGet.exe
		.nuget\NuGet.targets = .nuget\NuGet.targets
	EndProjectSection
EndProject
Project("{FAE04EC0-301F-11D3-BF4B-00C04F79EFBC}") = "BHIC.Common", "BHIC.Common\BHIC.Common.csproj", "{35BC1847-77A6-44DB-BBEB-25A99A5F700E}"
	ProjectSection(ProjectDependencies) = postProject
		{3733BF06-DAB1-4264-9892-B2095C7B5636} = {3733BF06-DAB1-4264-9892-B2095C7B5636}
		{1AA9AF35-8D49-4406-B1F0-0FB7AD69BFB1} = {1AA9AF35-8D49-4406-B1F0-0FB7AD69BFB1}
		{1127C27C-68F5-4525-A68A-72367147A4CB} = {1127C27C-68F5-4525-A68A-72367147A4CB}
		{A3B360BC-6D15-4DA6-BB04-551E6BE45965} = {A3B360BC-6D15-4DA6-BB04-551E6BE45965}
		{CE7F0ECE-CF1A-4453-8E88-AA6A8D978A5B} = {CE7F0ECE-CF1A-4453-8E88-AA6A8D978A5B}
	EndProjectSection
EndProject
Project("{FAE04EC0-301F-11D3-BF4B-00C04F79EFBC}") = "BHIC.Contract.WC", "BHIC.Contract\BHIC.Contract.WC.csproj", "{7C5C6D0F-90AB-41D6-9863-468AE3F96CB6}"
	ProjectSection(ProjectDependencies) = postProject
		{3733BF06-DAB1-4264-9892-B2095C7B5636} = {3733BF06-DAB1-4264-9892-B2095C7B5636}
		{A3B360BC-6D15-4DA6-BB04-551E6BE45965} = {A3B360BC-6D15-4DA6-BB04-551E6BE45965}
		{F69D09CC-9732-4BCF-B95F-8F9A4C47663E} = {F69D09CC-9732-4BCF-B95F-8F9A4C47663E}
		{CAFA6ACE-09BC-4F38-AD61-641576F3333D} = {CAFA6ACE-09BC-4F38-AD61-641576F3333D}
		{797663FA-3772-47C1-9E2C-6D2EA3BE2A11} = {797663FA-3772-47C1-9E2C-6D2EA3BE2A11}
	EndProjectSection
EndProject
Project("{FAE04EC0-301F-11D3-BF4B-00C04F79EFBC}") = "BHIC.Domain.WC", "BHIC.Domain\BHIC.Domain.WC.csproj", "{A3B360BC-6D15-4DA6-BB04-551E6BE45965}"
EndProject
Project("{FAE04EC0-301F-11D3-BF4B-00C04F79EFBC}") = "BHIC.ViewDomain.WC", "BHIC.ViewDomain\BHIC.ViewDomain.WC.csproj", "{3733BF06-DAB1-4264-9892-B2095C7B5636}"
EndProject
Project("{FAE04EC0-301F-11D3-BF4B-00C04F79EFBC}") = "BHIC.Common.Caching", "BHIC.Common.Caching\BHIC.Common.Caching.csproj", "{CE7F0ECE-CF1A-4453-8E88-AA6A8D978A5B}"
EndProject
Project("{FAE04EC0-301F-11D3-BF4B-00C04F79EFBC}") = "BHIC.Common.Client", "BHIC.Common.Client\BHIC.Common.Client.csproj", "{797663FA-3772-47C1-9E2C-6D2EA3BE2A11}"
	ProjectSection(ProjectDependencies) = postProject
		{1AA9AF35-8D49-4406-B1F0-0FB7AD69BFB1} = {1AA9AF35-8D49-4406-B1F0-0FB7AD69BFB1}
		{1127C27C-68F5-4525-A68A-72367147A4CB} = {1127C27C-68F5-4525-A68A-72367147A4CB}
	EndProjectSection
EndProject
Project("{FAE04EC0-301F-11D3-BF4B-00C04F79EFBC}") = "BHIC.Common.DataAccess", "BHIC.Common.DataAccess\BHIC.Common.DataAccess.csproj", "{F69D09CC-9732-4BCF-B95F-8F9A4C47663E}"
	ProjectSection(ProjectDependencies) = postProject
		{1AA9AF35-8D49-4406-B1F0-0FB7AD69BFB1} = {1AA9AF35-8D49-4406-B1F0-0FB7AD69BFB1}
	EndProjectSection
EndProject
Project("{FAE04EC0-301F-11D3-BF4B-00C04F79EFBC}") = "BHIC.Common.Logging", "BHIC.Common.Logging\BHIC.Common.Logging.csproj", "{1127C27C-68F5-4525-A68A-72367147A4CB}"
	ProjectSection(ProjectDependencies) = postProject
		{1AA9AF35-8D49-4406-B1F0-0FB7AD69BFB1} = {1AA9AF35-8D49-4406-B1F0-0FB7AD69BFB1}
	EndProjectSection
EndProject
Project("{FAE04EC0-301F-11D3-BF4B-00C04F79EFBC}") = "BHIC.Common.XmlHelper", "BHIC.Common.XmlHelper\BHIC.Common.XmlHelper.csproj", "{1AA9AF35-8D49-4406-B1F0-0FB7AD69BFB1}"
EndProject
Project("{FAE04EC0-301F-11D3-BF4B-00C04F79EFBC}") = "BHIC.Common.SchedulerService", "BHIC.Common.SchedulerService\BHIC.Common.SchedulerService.csproj", "{1D245C43-FDAC-429C-A4FF-E86A915C2147}"
	ProjectSection(ProjectDependencies) = postProject
		{CAFA6ACE-09BC-4F38-AD61-641576F3333D} = {CAFA6ACE-09BC-4F38-AD61-641576F3333D}
		{CB6791CE-F224-4EEC-882D-5EF91854E4DC} = {CB6791CE-F224-4EEC-882D-5EF91854E4DC}
	EndProjectSection
EndProject
Project("{FAE04EC0-301F-11D3-BF4B-00C04F79EFBC}") = "BHIC.Common.Payment", "BHIC.Common.Payment\BHIC.Common.Payment.csproj", "{9F1B22B3-C993-4B8D-B3B7-6E8EB90E2067}"
EndProject
Project("{FAE04EC0-301F-11D3-BF4B-00C04F79EFBC}") = "BHIC.Common.WCScheduleProcess", "BHIC.Common.WCScheduleProcess\BHIC.Common.WCScheduleProcess.csproj", "{CB6791CE-F224-4EEC-882D-5EF91854E4DC}"
EndProject
Project("{FAE04EC0-301F-11D3-BF4B-00C04F79EFBC}") = "BHIC.Portal.WC", "BHIC.Portal.WC\BHIC.Portal.WC.csproj", "{7F4AE00C-D228-4BE0-AAE9-479E802748F4}"
	ProjectSection(ProjectDependencies) = postProject
		{1301D6B8-DE49-4CBB-8E7C-BA6B0AB10355} = {1301D6B8-DE49-4CBB-8E7C-BA6B0AB10355}
		{CAFA6ACE-09BC-4F38-AD61-641576F3333D} = {CAFA6ACE-09BC-4F38-AD61-641576F3333D}
	EndProjectSection
EndProject
Project("{FAE04EC0-301F-11D3-BF4B-00C04F79EFBC}") = "BHIC.CDN", "BHIC.CDN\BHIC.CDN.csproj", "{B4222FAA-D94D-487A-B1C0-69758FCC8E68}"
EndProject
Project("{FAE04EC0-301F-11D3-BF4B-00C04F79EFBC}") = "BHIC.EncryptDecrypt", "BHIC.EncryptDecrypt\BHIC.EncryptDecrypt.csproj", "{BD9644E6-313A-4062-8F50-17CD67648D60}"
EndProject
Project("{FAE04EC0-301F-11D3-BF4B-00C04F79EFBC}") = "BHIC.DML.WC", "BHIC.DML.WC\BHIC.DML.WC.csproj", "{CAFA6ACE-09BC-4F38-AD61-641576F3333D}"
EndProject
Project("{00D1A9C2-B5F0-4AF3-8072-F6C62B433612}") = "Guinness", "Guinness\Guinness.sqlproj", "{FED7D867-19B4-4F3E-8F2A-F3196C691A7B}"
EndProject
Project("{FAE04EC0-301F-11D3-BF4B-00C04F79EFBC}") = "BHIC.APIService", "BHIC.APIService\BHIC.APIService.csproj", "{3A041945-9745-4215-B998-6BB2282C989D}"
	ProjectSection(ProjectDependencies) = postProject
		{3733BF06-DAB1-4264-9892-B2095C7B5636} = {3733BF06-DAB1-4264-9892-B2095C7B5636}
		{55F05B0D-B992-4EB1-91A5-9274ADCFAAAA} = {55F05B0D-B992-4EB1-91A5-9274ADCFAAAA}
		{7C5C6D0F-90AB-41D6-9863-468AE3F96CB6} = {7C5C6D0F-90AB-41D6-9863-468AE3F96CB6}
		{1AA9AF35-8D49-4406-B1F0-0FB7AD69BFB1} = {1AA9AF35-8D49-4406-B1F0-0FB7AD69BFB1}
		{35BC1847-77A6-44DB-BBEB-25A99A5F700E} = {35BC1847-77A6-44DB-BBEB-25A99A5F700E}
		{1127C27C-68F5-4525-A68A-72367147A4CB} = {1127C27C-68F5-4525-A68A-72367147A4CB}
		{A3B360BC-6D15-4DA6-BB04-551E6BE45965} = {A3B360BC-6D15-4DA6-BB04-551E6BE45965}
		{F69D09CC-9732-4BCF-B95F-8F9A4C47663E} = {F69D09CC-9732-4BCF-B95F-8F9A4C47663E}
		{CAFA6ACE-09BC-4F38-AD61-641576F3333D} = {CAFA6ACE-09BC-4F38-AD61-641576F3333D}
	EndProjectSection
EndProject
Project("{FAE04EC0-301F-11D3-BF4B-00C04F79EFBC}") = "BHIC.Portal.Dashboard", "BHIC.Portal.Dashboard\BHIC.Portal.Dashboard.csproj", "{E4C1EB5D-28F5-4942-95C7-2D61F4DA20BF}"
	ProjectSection(ProjectDependencies) = postProject
		{1301D6B8-DE49-4CBB-8E7C-BA6B0AB10355} = {1301D6B8-DE49-4CBB-8E7C-BA6B0AB10355}
	EndProjectSection
EndProject
Project("{FAE04EC0-301F-11D3-BF4B-00C04F79EFBC}") = "BHIC.Portal.LP", "BHIC.Portal.LP\BHIC.Portal.LP.csproj", "{86DBA10E-0E0E-4DD2-8528-4223CC56EE79}"
	ProjectSection(ProjectDependencies) = postProject
		{1301D6B8-DE49-4CBB-8E7C-BA6B0AB10355} = {1301D6B8-DE49-4CBB-8E7C-BA6B0AB10355}
	EndProjectSection
EndProject
Project("{FAE04EC0-301F-11D3-BF4B-00C04F79EFBC}") = "BHIC.Common.Trace", "BHIC.Common.Trace\BHIC.Common.Trace.csproj", "{1301D6B8-DE49-4CBB-8E7C-BA6B0AB10355}"
	ProjectSection(ProjectDependencies) = postProject
		{3733BF06-DAB1-4264-9892-B2095C7B5636} = {3733BF06-DAB1-4264-9892-B2095C7B5636}
		{55F05B0D-B992-4EB1-91A5-9274ADCFAAAA} = {55F05B0D-B992-4EB1-91A5-9274ADCFAAAA}
		{7C5C6D0F-90AB-41D6-9863-468AE3F96CB6} = {7C5C6D0F-90AB-41D6-9863-468AE3F96CB6}
		{1AA9AF35-8D49-4406-B1F0-0FB7AD69BFB1} = {1AA9AF35-8D49-4406-B1F0-0FB7AD69BFB1}
		{35BC1847-77A6-44DB-BBEB-25A99A5F700E} = {35BC1847-77A6-44DB-BBEB-25A99A5F700E}
		{1127C27C-68F5-4525-A68A-72367147A4CB} = {1127C27C-68F5-4525-A68A-72367147A4CB}
		{A3B360BC-6D15-4DA6-BB04-551E6BE45965} = {A3B360BC-6D15-4DA6-BB04-551E6BE45965}
	EndProjectSection
EndProject
Project("{FAE04EC0-301F-11D3-BF4B-00C04F79EFBC}") = "BHIC.GeneralApp", "BHIC.GeneralApp\BHIC.GeneralApp.csproj", "{80B9C8FA-2099-43E8-821D-6A1D300897FA}"
	ProjectSection(ProjectDependencies) = postProject
		{35BC1847-77A6-44DB-BBEB-25A99A5F700E} = {35BC1847-77A6-44DB-BBEB-25A99A5F700E}
		{F69D09CC-9732-4BCF-B95F-8F9A4C47663E} = {F69D09CC-9732-4BCF-B95F-8F9A4C47663E}
	EndProjectSection
EndProject
Global
	GlobalSection(SolutionConfigurationPlatforms) = preSolution
		Debug|Any CPU = Debug|Any CPU
		PreProd|Any CPU = PreProd|Any CPU
		Production|Any CPU = Production|Any CPU
		QA|Any CPU = QA|Any CPU
		Release|Any CPU = Release|Any CPU
		UAT|Any CPU = UAT|Any CPU
	EndGlobalSection
	GlobalSection(ProjectConfigurationPlatforms) = postSolution
		{55F05B0D-B992-4EB1-91A5-9274ADCFAAAA}.Debug|Any CPU.ActiveCfg = Debug|Any CPU
		{55F05B0D-B992-4EB1-91A5-9274ADCFAAAA}.Debug|Any CPU.Build.0 = Debug|Any CPU
		{55F05B0D-B992-4EB1-91A5-9274ADCFAAAA}.PreProd|Any CPU.ActiveCfg = PreProd|Any CPU
		{55F05B0D-B992-4EB1-91A5-9274ADCFAAAA}.PreProd|Any CPU.Build.0 = PreProd|Any CPU
		{55F05B0D-B992-4EB1-91A5-9274ADCFAAAA}.Production|Any CPU.ActiveCfg = Production|Any CPU
		{55F05B0D-B992-4EB1-91A5-9274ADCFAAAA}.Production|Any CPU.Build.0 = Production|Any CPU
		{55F05B0D-B992-4EB1-91A5-9274ADCFAAAA}.QA|Any CPU.ActiveCfg = QA|Any CPU
		{55F05B0D-B992-4EB1-91A5-9274ADCFAAAA}.QA|Any CPU.Build.0 = QA|Any CPU
		{55F05B0D-B992-4EB1-91A5-9274ADCFAAAA}.Release|Any CPU.ActiveCfg = Release|Any CPU
		{55F05B0D-B992-4EB1-91A5-9274ADCFAAAA}.Release|Any CPU.Build.0 = Release|Any CPU
		{55F05B0D-B992-4EB1-91A5-9274ADCFAAAA}.UAT|Any CPU.ActiveCfg = UAT|Any CPU
		{55F05B0D-B992-4EB1-91A5-9274ADCFAAAA}.UAT|Any CPU.Build.0 = UAT|Any CPU
		{35BC1847-77A6-44DB-BBEB-25A99A5F700E}.Debug|Any CPU.ActiveCfg = Debug|Any CPU
		{35BC1847-77A6-44DB-BBEB-25A99A5F700E}.Debug|Any CPU.Build.0 = Debug|Any CPU
		{35BC1847-77A6-44DB-BBEB-25A99A5F700E}.PreProd|Any CPU.ActiveCfg = PreProd|Any CPU
		{35BC1847-77A6-44DB-BBEB-25A99A5F700E}.PreProd|Any CPU.Build.0 = PreProd|Any CPU
		{35BC1847-77A6-44DB-BBEB-25A99A5F700E}.Production|Any CPU.ActiveCfg = Production|Any CPU
		{35BC1847-77A6-44DB-BBEB-25A99A5F700E}.Production|Any CPU.Build.0 = Production|Any CPU
		{35BC1847-77A6-44DB-BBEB-25A99A5F700E}.QA|Any CPU.ActiveCfg = QA|Any CPU
		{35BC1847-77A6-44DB-BBEB-25A99A5F700E}.QA|Any CPU.Build.0 = QA|Any CPU
		{35BC1847-77A6-44DB-BBEB-25A99A5F700E}.Release|Any CPU.ActiveCfg = Release|Any CPU
		{35BC1847-77A6-44DB-BBEB-25A99A5F700E}.Release|Any CPU.Build.0 = Release|Any CPU
		{35BC1847-77A6-44DB-BBEB-25A99A5F700E}.UAT|Any CPU.ActiveCfg = UAT|Any CPU
		{35BC1847-77A6-44DB-BBEB-25A99A5F700E}.UAT|Any CPU.Build.0 = UAT|Any CPU
		{7C5C6D0F-90AB-41D6-9863-468AE3F96CB6}.Debug|Any CPU.ActiveCfg = Debug|Any CPU
		{7C5C6D0F-90AB-41D6-9863-468AE3F96CB6}.Debug|Any CPU.Build.0 = Debug|Any CPU
		{7C5C6D0F-90AB-41D6-9863-468AE3F96CB6}.PreProd|Any CPU.ActiveCfg = PreProd|Any CPU
		{7C5C6D0F-90AB-41D6-9863-468AE3F96CB6}.PreProd|Any CPU.Build.0 = PreProd|Any CPU
		{7C5C6D0F-90AB-41D6-9863-468AE3F96CB6}.Production|Any CPU.ActiveCfg = Production|Any CPU
		{7C5C6D0F-90AB-41D6-9863-468AE3F96CB6}.Production|Any CPU.Build.0 = Production|Any CPU
		{7C5C6D0F-90AB-41D6-9863-468AE3F96CB6}.QA|Any CPU.ActiveCfg = QA|Any CPU
		{7C5C6D0F-90AB-41D6-9863-468AE3F96CB6}.QA|Any CPU.Build.0 = QA|Any CPU
		{7C5C6D0F-90AB-41D6-9863-468AE3F96CB6}.Release|Any CPU.ActiveCfg = Release|Any CPU
		{7C5C6D0F-90AB-41D6-9863-468AE3F96CB6}.Release|Any CPU.Build.0 = Release|Any CPU
		{7C5C6D0F-90AB-41D6-9863-468AE3F96CB6}.UAT|Any CPU.ActiveCfg = UAT|Any CPU
		{7C5C6D0F-90AB-41D6-9863-468AE3F96CB6}.UAT|Any CPU.Build.0 = UAT|Any CPU
		{A3B360BC-6D15-4DA6-BB04-551E6BE45965}.Debug|Any CPU.ActiveCfg = Debug|Any CPU
		{A3B360BC-6D15-4DA6-BB04-551E6BE45965}.Debug|Any CPU.Build.0 = Debug|Any CPU
		{A3B360BC-6D15-4DA6-BB04-551E6BE45965}.PreProd|Any CPU.ActiveCfg = PreProd|Any CPU
		{A3B360BC-6D15-4DA6-BB04-551E6BE45965}.PreProd|Any CPU.Build.0 = PreProd|Any CPU
		{A3B360BC-6D15-4DA6-BB04-551E6BE45965}.Production|Any CPU.ActiveCfg = Production|Any CPU
		{A3B360BC-6D15-4DA6-BB04-551E6BE45965}.Production|Any CPU.Build.0 = Production|Any CPU
		{A3B360BC-6D15-4DA6-BB04-551E6BE45965}.QA|Any CPU.ActiveCfg = QA|Any CPU
		{A3B360BC-6D15-4DA6-BB04-551E6BE45965}.QA|Any CPU.Build.0 = QA|Any CPU
		{A3B360BC-6D15-4DA6-BB04-551E6BE45965}.Release|Any CPU.ActiveCfg = Release|Any CPU
		{A3B360BC-6D15-4DA6-BB04-551E6BE45965}.Release|Any CPU.Build.0 = Release|Any CPU
		{A3B360BC-6D15-4DA6-BB04-551E6BE45965}.UAT|Any CPU.ActiveCfg = UAT|Any CPU
		{A3B360BC-6D15-4DA6-BB04-551E6BE45965}.UAT|Any CPU.Build.0 = UAT|Any CPU
		{3733BF06-DAB1-4264-9892-B2095C7B5636}.Debug|Any CPU.ActiveCfg = Debug|Any CPU
		{3733BF06-DAB1-4264-9892-B2095C7B5636}.Debug|Any CPU.Build.0 = Debug|Any CPU
		{3733BF06-DAB1-4264-9892-B2095C7B5636}.PreProd|Any CPU.ActiveCfg = PreProd|Any CPU
		{3733BF06-DAB1-4264-9892-B2095C7B5636}.PreProd|Any CPU.Build.0 = PreProd|Any CPU
		{3733BF06-DAB1-4264-9892-B2095C7B5636}.Production|Any CPU.ActiveCfg = Production|Any CPU
		{3733BF06-DAB1-4264-9892-B2095C7B5636}.Production|Any CPU.Build.0 = Production|Any CPU
		{3733BF06-DAB1-4264-9892-B2095C7B5636}.QA|Any CPU.ActiveCfg = QA|Any CPU
		{3733BF06-DAB1-4264-9892-B2095C7B5636}.QA|Any CPU.Build.0 = QA|Any CPU
		{3733BF06-DAB1-4264-9892-B2095C7B5636}.Release|Any CPU.ActiveCfg = Release|Any CPU
		{3733BF06-DAB1-4264-9892-B2095C7B5636}.Release|Any CPU.Build.0 = Release|Any CPU
		{3733BF06-DAB1-4264-9892-B2095C7B5636}.UAT|Any CPU.ActiveCfg = UAT|Any CPU
		{3733BF06-DAB1-4264-9892-B2095C7B5636}.UAT|Any CPU.Build.0 = UAT|Any CPU
		{CE7F0ECE-CF1A-4453-8E88-AA6A8D978A5B}.Debug|Any CPU.ActiveCfg = Debug|Any CPU
		{CE7F0ECE-CF1A-4453-8E88-AA6A8D978A5B}.Debug|Any CPU.Build.0 = Debug|Any CPU
		{CE7F0ECE-CF1A-4453-8E88-AA6A8D978A5B}.PreProd|Any CPU.ActiveCfg = PreProd|Any CPU
		{CE7F0ECE-CF1A-4453-8E88-AA6A8D978A5B}.PreProd|Any CPU.Build.0 = PreProd|Any CPU
		{CE7F0ECE-CF1A-4453-8E88-AA6A8D978A5B}.Production|Any CPU.ActiveCfg = Production|Any CPU
		{CE7F0ECE-CF1A-4453-8E88-AA6A8D978A5B}.Production|Any CPU.Build.0 = Production|Any CPU
		{CE7F0ECE-CF1A-4453-8E88-AA6A8D978A5B}.QA|Any CPU.ActiveCfg = QA|Any CPU
		{CE7F0ECE-CF1A-4453-8E88-AA6A8D978A5B}.QA|Any CPU.Build.0 = QA|Any CPU
		{CE7F0ECE-CF1A-4453-8E88-AA6A8D978A5B}.Release|Any CPU.ActiveCfg = Release|Any CPU
		{CE7F0ECE-CF1A-4453-8E88-AA6A8D978A5B}.Release|Any CPU.Build.0 = Release|Any CPU
		{CE7F0ECE-CF1A-4453-8E88-AA6A8D978A5B}.UAT|Any CPU.ActiveCfg = UAT|Any CPU
		{CE7F0ECE-CF1A-4453-8E88-AA6A8D978A5B}.UAT|Any CPU.Build.0 = UAT|Any CPU
		{797663FA-3772-47C1-9E2C-6D2EA3BE2A11}.Debug|Any CPU.ActiveCfg = Debug|Any CPU
		{797663FA-3772-47C1-9E2C-6D2EA3BE2A11}.Debug|Any CPU.Build.0 = Debug|Any CPU
		{797663FA-3772-47C1-9E2C-6D2EA3BE2A11}.PreProd|Any CPU.ActiveCfg = PreProd|Any CPU
		{797663FA-3772-47C1-9E2C-6D2EA3BE2A11}.PreProd|Any CPU.Build.0 = PreProd|Any CPU
		{797663FA-3772-47C1-9E2C-6D2EA3BE2A11}.Production|Any CPU.ActiveCfg = Production|Any CPU
		{797663FA-3772-47C1-9E2C-6D2EA3BE2A11}.Production|Any CPU.Build.0 = Production|Any CPU
		{797663FA-3772-47C1-9E2C-6D2EA3BE2A11}.QA|Any CPU.ActiveCfg = QA|Any CPU
		{797663FA-3772-47C1-9E2C-6D2EA3BE2A11}.QA|Any CPU.Build.0 = QA|Any CPU
		{797663FA-3772-47C1-9E2C-6D2EA3BE2A11}.Release|Any CPU.ActiveCfg = Release|Any CPU
		{797663FA-3772-47C1-9E2C-6D2EA3BE2A11}.Release|Any CPU.Build.0 = Release|Any CPU
		{797663FA-3772-47C1-9E2C-6D2EA3BE2A11}.UAT|Any CPU.ActiveCfg = UAT|Any CPU
		{797663FA-3772-47C1-9E2C-6D2EA3BE2A11}.UAT|Any CPU.Build.0 = UAT|Any CPU
		{F69D09CC-9732-4BCF-B95F-8F9A4C47663E}.Debug|Any CPU.ActiveCfg = Debug|Any CPU
		{F69D09CC-9732-4BCF-B95F-8F9A4C47663E}.Debug|Any CPU.Build.0 = Debug|Any CPU
		{F69D09CC-9732-4BCF-B95F-8F9A4C47663E}.PreProd|Any CPU.ActiveCfg = PreProd|Any CPU
		{F69D09CC-9732-4BCF-B95F-8F9A4C47663E}.PreProd|Any CPU.Build.0 = PreProd|Any CPU
		{F69D09CC-9732-4BCF-B95F-8F9A4C47663E}.Production|Any CPU.ActiveCfg = Production|Any CPU
		{F69D09CC-9732-4BCF-B95F-8F9A4C47663E}.Production|Any CPU.Build.0 = Production|Any CPU
		{F69D09CC-9732-4BCF-B95F-8F9A4C47663E}.QA|Any CPU.ActiveCfg = QA|Any CPU
		{F69D09CC-9732-4BCF-B95F-8F9A4C47663E}.QA|Any CPU.Build.0 = QA|Any CPU
		{F69D09CC-9732-4BCF-B95F-8F9A4C47663E}.Release|Any CPU.ActiveCfg = Release|Any CPU
		{F69D09CC-9732-4BCF-B95F-8F9A4C47663E}.Release|Any CPU.Build.0 = Release|Any CPU
		{F69D09CC-9732-4BCF-B95F-8F9A4C47663E}.UAT|Any CPU.ActiveCfg = UAT|Any CPU
		{F69D09CC-9732-4BCF-B95F-8F9A4C47663E}.UAT|Any CPU.Build.0 = UAT|Any CPU
		{1127C27C-68F5-4525-A68A-72367147A4CB}.Debug|Any CPU.ActiveCfg = Debug|Any CPU
		{1127C27C-68F5-4525-A68A-72367147A4CB}.Debug|Any CPU.Build.0 = Debug|Any CPU
		{1127C27C-68F5-4525-A68A-72367147A4CB}.PreProd|Any CPU.ActiveCfg = PreProd|Any CPU
		{1127C27C-68F5-4525-A68A-72367147A4CB}.PreProd|Any CPU.Build.0 = PreProd|Any CPU
		{1127C27C-68F5-4525-A68A-72367147A4CB}.Production|Any CPU.ActiveCfg = Production|Any CPU
		{1127C27C-68F5-4525-A68A-72367147A4CB}.Production|Any CPU.Build.0 = Production|Any CPU
		{1127C27C-68F5-4525-A68A-72367147A4CB}.QA|Any CPU.ActiveCfg = QA|Any CPU
		{1127C27C-68F5-4525-A68A-72367147A4CB}.QA|Any CPU.Build.0 = QA|Any CPU
		{1127C27C-68F5-4525-A68A-72367147A4CB}.Release|Any CPU.ActiveCfg = Release|Any CPU
		{1127C27C-68F5-4525-A68A-72367147A4CB}.Release|Any CPU.Build.0 = Release|Any CPU
		{1127C27C-68F5-4525-A68A-72367147A4CB}.UAT|Any CPU.ActiveCfg = UAT|Any CPU
		{1127C27C-68F5-4525-A68A-72367147A4CB}.UAT|Any CPU.Build.0 = UAT|Any CPU
		{1AA9AF35-8D49-4406-B1F0-0FB7AD69BFB1}.Debug|Any CPU.ActiveCfg = Debug|Any CPU
		{1AA9AF35-8D49-4406-B1F0-0FB7AD69BFB1}.Debug|Any CPU.Build.0 = Debug|Any CPU
		{1AA9AF35-8D49-4406-B1F0-0FB7AD69BFB1}.PreProd|Any CPU.ActiveCfg = PreProd|Any CPU
		{1AA9AF35-8D49-4406-B1F0-0FB7AD69BFB1}.PreProd|Any CPU.Build.0 = PreProd|Any CPU
		{1AA9AF35-8D49-4406-B1F0-0FB7AD69BFB1}.Production|Any CPU.ActiveCfg = Production|Any CPU
		{1AA9AF35-8D49-4406-B1F0-0FB7AD69BFB1}.Production|Any CPU.Build.0 = Production|Any CPU
		{1AA9AF35-8D49-4406-B1F0-0FB7AD69BFB1}.QA|Any CPU.ActiveCfg = QA|Any CPU
		{1AA9AF35-8D49-4406-B1F0-0FB7AD69BFB1}.QA|Any CPU.Build.0 = QA|Any CPU
		{1AA9AF35-8D49-4406-B1F0-0FB7AD69BFB1}.Release|Any CPU.ActiveCfg = Release|Any CPU
		{1AA9AF35-8D49-4406-B1F0-0FB7AD69BFB1}.Release|Any CPU.Build.0 = Release|Any CPU
		{1AA9AF35-8D49-4406-B1F0-0FB7AD69BFB1}.UAT|Any CPU.ActiveCfg = UAT|Any CPU
		{1AA9AF35-8D49-4406-B1F0-0FB7AD69BFB1}.UAT|Any CPU.Build.0 = UAT|Any CPU
		{1D245C43-FDAC-429C-A4FF-E86A915C2147}.Debug|Any CPU.ActiveCfg = Debug|Any CPU
		{1D245C43-FDAC-429C-A4FF-E86A915C2147}.Debug|Any CPU.Build.0 = Debug|Any CPU
		{1D245C43-FDAC-429C-A4FF-E86A915C2147}.PreProd|Any CPU.ActiveCfg = PreProd|Any CPU
		{1D245C43-FDAC-429C-A4FF-E86A915C2147}.PreProd|Any CPU.Build.0 = PreProd|Any CPU
		{1D245C43-FDAC-429C-A4FF-E86A915C2147}.Production|Any CPU.ActiveCfg = Production|Any CPU
		{1D245C43-FDAC-429C-A4FF-E86A915C2147}.Production|Any CPU.Build.0 = Production|Any CPU
		{1D245C43-FDAC-429C-A4FF-E86A915C2147}.QA|Any CPU.ActiveCfg = QA|Any CPU
		{1D245C43-FDAC-429C-A4FF-E86A915C2147}.QA|Any CPU.Build.0 = QA|Any CPU
		{1D245C43-FDAC-429C-A4FF-E86A915C2147}.Release|Any CPU.ActiveCfg = Release|Any CPU
		{1D245C43-FDAC-429C-A4FF-E86A915C2147}.Release|Any CPU.Build.0 = Release|Any CPU
		{1D245C43-FDAC-429C-A4FF-E86A915C2147}.UAT|Any CPU.ActiveCfg = UAT|Any CPU
		{1D245C43-FDAC-429C-A4FF-E86A915C2147}.UAT|Any CPU.Build.0 = UAT|Any CPU
		{9F1B22B3-C993-4B8D-B3B7-6E8EB90E2067}.Debug|Any CPU.ActiveCfg = Debug|Any CPU
		{9F1B22B3-C993-4B8D-B3B7-6E8EB90E2067}.Debug|Any CPU.Build.0 = Debug|Any CPU
		{9F1B22B3-C993-4B8D-B3B7-6E8EB90E2067}.PreProd|Any CPU.ActiveCfg = PreProd|Any CPU
		{9F1B22B3-C993-4B8D-B3B7-6E8EB90E2067}.PreProd|Any CPU.Build.0 = PreProd|Any CPU
		{9F1B22B3-C993-4B8D-B3B7-6E8EB90E2067}.Production|Any CPU.ActiveCfg = Production|Any CPU
		{9F1B22B3-C993-4B8D-B3B7-6E8EB90E2067}.Production|Any CPU.Build.0 = Production|Any CPU
		{9F1B22B3-C993-4B8D-B3B7-6E8EB90E2067}.QA|Any CPU.ActiveCfg = QA|Any CPU
		{9F1B22B3-C993-4B8D-B3B7-6E8EB90E2067}.QA|Any CPU.Build.0 = QA|Any CPU
		{9F1B22B3-C993-4B8D-B3B7-6E8EB90E2067}.Release|Any CPU.ActiveCfg = Release|Any CPU
		{9F1B22B3-C993-4B8D-B3B7-6E8EB90E2067}.Release|Any CPU.Build.0 = Release|Any CPU
		{9F1B22B3-C993-4B8D-B3B7-6E8EB90E2067}.UAT|Any CPU.ActiveCfg = UAT|Any CPU
		{9F1B22B3-C993-4B8D-B3B7-6E8EB90E2067}.UAT|Any CPU.Build.0 = UAT|Any CPU
		{CB6791CE-F224-4EEC-882D-5EF91854E4DC}.Debug|Any CPU.ActiveCfg = Debug|Any CPU
		{CB6791CE-F224-4EEC-882D-5EF91854E4DC}.Debug|Any CPU.Build.0 = Debug|Any CPU
		{CB6791CE-F224-4EEC-882D-5EF91854E4DC}.PreProd|Any CPU.ActiveCfg = PreProd|Any CPU
		{CB6791CE-F224-4EEC-882D-5EF91854E4DC}.PreProd|Any CPU.Build.0 = PreProd|Any CPU
		{CB6791CE-F224-4EEC-882D-5EF91854E4DC}.Production|Any CPU.ActiveCfg = Production|Any CPU
		{CB6791CE-F224-4EEC-882D-5EF91854E4DC}.Production|Any CPU.Build.0 = Production|Any CPU
		{CB6791CE-F224-4EEC-882D-5EF91854E4DC}.QA|Any CPU.ActiveCfg = QA|Any CPU
		{CB6791CE-F224-4EEC-882D-5EF91854E4DC}.QA|Any CPU.Build.0 = QA|Any CPU
		{CB6791CE-F224-4EEC-882D-5EF91854E4DC}.Release|Any CPU.ActiveCfg = Release|Any CPU
		{CB6791CE-F224-4EEC-882D-5EF91854E4DC}.Release|Any CPU.Build.0 = Release|Any CPU
		{CB6791CE-F224-4EEC-882D-5EF91854E4DC}.UAT|Any CPU.ActiveCfg = UAT|Any CPU
		{CB6791CE-F224-4EEC-882D-5EF91854E4DC}.UAT|Any CPU.Build.0 = UAT|Any CPU
		{7F4AE00C-D228-4BE0-AAE9-479E802748F4}.Debug|Any CPU.ActiveCfg = Debug|Any CPU
		{7F4AE00C-D228-4BE0-AAE9-479E802748F4}.Debug|Any CPU.Build.0 = Debug|Any CPU
		{7F4AE00C-D228-4BE0-AAE9-479E802748F4}.PreProd|Any CPU.ActiveCfg = PreProd|Any CPU
		{7F4AE00C-D228-4BE0-AAE9-479E802748F4}.PreProd|Any CPU.Build.0 = PreProd|Any CPU
		{7F4AE00C-D228-4BE0-AAE9-479E802748F4}.Production|Any CPU.ActiveCfg = Production|Any CPU
		{7F4AE00C-D228-4BE0-AAE9-479E802748F4}.Production|Any CPU.Build.0 = Production|Any CPU
		{7F4AE00C-D228-4BE0-AAE9-479E802748F4}.QA|Any CPU.ActiveCfg = QA|Any CPU
		{7F4AE00C-D228-4BE0-AAE9-479E802748F4}.QA|Any CPU.Build.0 = QA|Any CPU
		{7F4AE00C-D228-4BE0-AAE9-479E802748F4}.Release|Any CPU.ActiveCfg = Release|Any CPU
		{7F4AE00C-D228-4BE0-AAE9-479E802748F4}.Release|Any CPU.Build.0 = Release|Any CPU
		{7F4AE00C-D228-4BE0-AAE9-479E802748F4}.UAT|Any CPU.ActiveCfg = UAT|Any CPU
		{7F4AE00C-D228-4BE0-AAE9-479E802748F4}.UAT|Any CPU.Build.0 = UAT|Any CPU
		{B4222FAA-D94D-487A-B1C0-69758FCC8E68}.Debug|Any CPU.ActiveCfg = Debug|Any CPU
		{B4222FAA-D94D-487A-B1C0-69758FCC8E68}.Debug|Any CPU.Build.0 = Debug|Any CPU
		{B4222FAA-D94D-487A-B1C0-69758FCC8E68}.PreProd|Any CPU.ActiveCfg = PreProd|Any CPU
		{B4222FAA-D94D-487A-B1C0-69758FCC8E68}.PreProd|Any CPU.Build.0 = PreProd|Any CPU
		{B4222FAA-D94D-487A-B1C0-69758FCC8E68}.Production|Any CPU.ActiveCfg = Production|Any CPU
		{B4222FAA-D94D-487A-B1C0-69758FCC8E68}.Production|Any CPU.Build.0 = Production|Any CPU
		{B4222FAA-D94D-487A-B1C0-69758FCC8E68}.QA|Any CPU.ActiveCfg = QA|Any CPU
		{B4222FAA-D94D-487A-B1C0-69758FCC8E68}.QA|Any CPU.Build.0 = QA|Any CPU
		{B4222FAA-D94D-487A-B1C0-69758FCC8E68}.Release|Any CPU.ActiveCfg = Release|Any CPU
		{B4222FAA-D94D-487A-B1C0-69758FCC8E68}.Release|Any CPU.Build.0 = Release|Any CPU
		{B4222FAA-D94D-487A-B1C0-69758FCC8E68}.UAT|Any CPU.ActiveCfg = UAT|Any CPU
		{B4222FAA-D94D-487A-B1C0-69758FCC8E68}.UAT|Any CPU.Build.0 = UAT|Any CPU
		{BD9644E6-313A-4062-8F50-17CD67648D60}.Debug|Any CPU.ActiveCfg = Debug|Any CPU
		{BD9644E6-313A-4062-8F50-17CD67648D60}.Debug|Any CPU.Build.0 = Debug|Any CPU
		{BD9644E6-313A-4062-8F50-17CD67648D60}.PreProd|Any CPU.ActiveCfg = PreProd|Any CPU
		{BD9644E6-313A-4062-8F50-17CD67648D60}.PreProd|Any CPU.Build.0 = PreProd|Any CPU
		{BD9644E6-313A-4062-8F50-17CD67648D60}.Production|Any CPU.ActiveCfg = Production|Any CPU
		{BD9644E6-313A-4062-8F50-17CD67648D60}.Production|Any CPU.Build.0 = Production|Any CPU
		{BD9644E6-313A-4062-8F50-17CD67648D60}.QA|Any CPU.ActiveCfg = QA|Any CPU
		{BD9644E6-313A-4062-8F50-17CD67648D60}.QA|Any CPU.Build.0 = QA|Any CPU
		{BD9644E6-313A-4062-8F50-17CD67648D60}.Release|Any CPU.ActiveCfg = Release|Any CPU
		{BD9644E6-313A-4062-8F50-17CD67648D60}.Release|Any CPU.Build.0 = Release|Any CPU
		{BD9644E6-313A-4062-8F50-17CD67648D60}.UAT|Any CPU.ActiveCfg = UAT|Any CPU
		{BD9644E6-313A-4062-8F50-17CD67648D60}.UAT|Any CPU.Build.0 = UAT|Any CPU
		{CAFA6ACE-09BC-4F38-AD61-641576F3333D}.Debug|Any CPU.ActiveCfg = Debug|Any CPU
		{CAFA6ACE-09BC-4F38-AD61-641576F3333D}.Debug|Any CPU.Build.0 = Debug|Any CPU
		{CAFA6ACE-09BC-4F38-AD61-641576F3333D}.PreProd|Any CPU.ActiveCfg = PreProd|Any CPU
		{CAFA6ACE-09BC-4F38-AD61-641576F3333D}.PreProd|Any CPU.Build.0 = PreProd|Any CPU
		{CAFA6ACE-09BC-4F38-AD61-641576F3333D}.Production|Any CPU.ActiveCfg = Production|Any CPU
		{CAFA6ACE-09BC-4F38-AD61-641576F3333D}.Production|Any CPU.Build.0 = Production|Any CPU
		{CAFA6ACE-09BC-4F38-AD61-641576F3333D}.QA|Any CPU.ActiveCfg = QA|Any CPU
		{CAFA6ACE-09BC-4F38-AD61-641576F3333D}.QA|Any CPU.Build.0 = QA|Any CPU
		{CAFA6ACE-09BC-4F38-AD61-641576F3333D}.Release|Any CPU.ActiveCfg = Release|Any CPU
		{CAFA6ACE-09BC-4F38-AD61-641576F3333D}.Release|Any CPU.Build.0 = Release|Any CPU
		{CAFA6ACE-09BC-4F38-AD61-641576F3333D}.UAT|Any CPU.ActiveCfg = UAT|Any CPU
		{CAFA6ACE-09BC-4F38-AD61-641576F3333D}.UAT|Any CPU.Build.0 = UAT|Any CPU
		{FED7D867-19B4-4F3E-8F2A-F3196C691A7B}.Debug|Any CPU.ActiveCfg = Debug|Any CPU
		{FED7D867-19B4-4F3E-8F2A-F3196C691A7B}.PreProd|Any CPU.ActiveCfg = PreProd|Any CPU
		{FED7D867-19B4-4F3E-8F2A-F3196C691A7B}.Production|Any CPU.ActiveCfg = Production|Any CPU
		{FED7D867-19B4-4F3E-8F2A-F3196C691A7B}.QA|Any CPU.ActiveCfg = QA|Any CPU
		{FED7D867-19B4-4F3E-8F2A-F3196C691A7B}.Release|Any CPU.ActiveCfg = Release|Any CPU
		{FED7D867-19B4-4F3E-8F2A-F3196C691A7B}.UAT|Any CPU.ActiveCfg = UAT|Any CPU
		{3A041945-9745-4215-B998-6BB2282C989D}.Debug|Any CPU.ActiveCfg = Debug|Any CPU
		{3A041945-9745-4215-B998-6BB2282C989D}.Debug|Any CPU.Build.0 = Debug|Any CPU
		{3A041945-9745-4215-B998-6BB2282C989D}.PreProd|Any CPU.ActiveCfg = PreProd|Any CPU
		{3A041945-9745-4215-B998-6BB2282C989D}.PreProd|Any CPU.Build.0 = PreProd|Any CPU
		{3A041945-9745-4215-B998-6BB2282C989D}.Production|Any CPU.ActiveCfg = Production|Any CPU
		{3A041945-9745-4215-B998-6BB2282C989D}.Production|Any CPU.Build.0 = Production|Any CPU
		{3A041945-9745-4215-B998-6BB2282C989D}.QA|Any CPU.ActiveCfg = QA|Any CPU
		{3A041945-9745-4215-B998-6BB2282C989D}.QA|Any CPU.Build.0 = QA|Any CPU
		{3A041945-9745-4215-B998-6BB2282C989D}.Release|Any CPU.ActiveCfg = Release|Any CPU
		{3A041945-9745-4215-B998-6BB2282C989D}.Release|Any CPU.Build.0 = Release|Any CPU
		{3A041945-9745-4215-B998-6BB2282C989D}.UAT|Any CPU.ActiveCfg = UAT|Any CPU
		{3A041945-9745-4215-B998-6BB2282C989D}.UAT|Any CPU.Build.0 = UAT|Any CPU
		{E4C1EB5D-28F5-4942-95C7-2D61F4DA20BF}.Debug|Any CPU.ActiveCfg = Debug|Any CPU
		{E4C1EB5D-28F5-4942-95C7-2D61F4DA20BF}.Debug|Any CPU.Build.0 = Debug|Any CPU
		{E4C1EB5D-28F5-4942-95C7-2D61F4DA20BF}.PreProd|Any CPU.ActiveCfg = PreProd|Any CPU
		{E4C1EB5D-28F5-4942-95C7-2D61F4DA20BF}.PreProd|Any CPU.Build.0 = PreProd|Any CPU
		{E4C1EB5D-28F5-4942-95C7-2D61F4DA20BF}.Production|Any CPU.ActiveCfg = Production|Any CPU
		{E4C1EB5D-28F5-4942-95C7-2D61F4DA20BF}.Production|Any CPU.Build.0 = Production|Any CPU
		{E4C1EB5D-28F5-4942-95C7-2D61F4DA20BF}.QA|Any CPU.ActiveCfg = QA|Any CPU
		{E4C1EB5D-28F5-4942-95C7-2D61F4DA20BF}.QA|Any CPU.Build.0 = QA|Any CPU
		{E4C1EB5D-28F5-4942-95C7-2D61F4DA20BF}.Release|Any CPU.ActiveCfg = Release|Any CPU
		{E4C1EB5D-28F5-4942-95C7-2D61F4DA20BF}.Release|Any CPU.Build.0 = Release|Any CPU
		{E4C1EB5D-28F5-4942-95C7-2D61F4DA20BF}.UAT|Any CPU.ActiveCfg = UAT|Any CPU
		{E4C1EB5D-28F5-4942-95C7-2D61F4DA20BF}.UAT|Any CPU.Build.0 = UAT|Any CPU
		{86DBA10E-0E0E-4DD2-8528-4223CC56EE79}.Debug|Any CPU.ActiveCfg = Debug|Any CPU
		{86DBA10E-0E0E-4DD2-8528-4223CC56EE79}.Debug|Any CPU.Build.0 = Debug|Any CPU
		{86DBA10E-0E0E-4DD2-8528-4223CC56EE79}.PreProd|Any CPU.ActiveCfg = PreProd|Any CPU
		{86DBA10E-0E0E-4DD2-8528-4223CC56EE79}.PreProd|Any CPU.Build.0 = PreProd|Any CPU
		{86DBA10E-0E0E-4DD2-8528-4223CC56EE79}.Production|Any CPU.ActiveCfg = Production|Any CPU
		{86DBA10E-0E0E-4DD2-8528-4223CC56EE79}.Production|Any CPU.Build.0 = Production|Any CPU
		{86DBA10E-0E0E-4DD2-8528-4223CC56EE79}.QA|Any CPU.ActiveCfg = QA|Any CPU
		{86DBA10E-0E0E-4DD2-8528-4223CC56EE79}.QA|Any CPU.Build.0 = QA|Any CPU
		{86DBA10E-0E0E-4DD2-8528-4223CC56EE79}.Release|Any CPU.ActiveCfg = Release|Any CPU
		{86DBA10E-0E0E-4DD2-8528-4223CC56EE79}.Release|Any CPU.Build.0 = Release|Any CPU
		{86DBA10E-0E0E-4DD2-8528-4223CC56EE79}.UAT|Any CPU.ActiveCfg = UAT|Any CPU
		{86DBA10E-0E0E-4DD2-8528-4223CC56EE79}.UAT|Any CPU.Build.0 = UAT|Any CPU
		{1301D6B8-DE49-4CBB-8E7C-BA6B0AB10355}.Debug|Any CPU.ActiveCfg = Debug|Any CPU
		{1301D6B8-DE49-4CBB-8E7C-BA6B0AB10355}.Debug|Any CPU.Build.0 = Debug|Any CPU
		{1301D6B8-DE49-4CBB-8E7C-BA6B0AB10355}.PreProd|Any CPU.ActiveCfg = PreProd|Any CPU
		{1301D6B8-DE49-4CBB-8E7C-BA6B0AB10355}.PreProd|Any CPU.Build.0 = PreProd|Any CPU
		{1301D6B8-DE49-4CBB-8E7C-BA6B0AB10355}.Production|Any CPU.ActiveCfg = Production|Any CPU
		{1301D6B8-DE49-4CBB-8E7C-BA6B0AB10355}.Production|Any CPU.Build.0 = Production|Any CPU
		{1301D6B8-DE49-4CBB-8E7C-BA6B0AB10355}.QA|Any CPU.ActiveCfg = QA|Any CPU
		{1301D6B8-DE49-4CBB-8E7C-BA6B0AB10355}.QA|Any CPU.Build.0 = QA|Any CPU
		{1301D6B8-DE49-4CBB-8E7C-BA6B0AB10355}.Release|Any CPU.ActiveCfg = Release|Any CPU
		{1301D6B8-DE49-4CBB-8E7C-BA6B0AB10355}.Release|Any CPU.Build.0 = Release|Any CPU
		{1301D6B8-DE49-4CBB-8E7C-BA6B0AB10355}.UAT|Any CPU.ActiveCfg = UAT|Any CPU
		{1301D6B8-DE49-4CBB-8E7C-BA6B0AB10355}.UAT|Any CPU.Build.0 = UAT|Any CPU
		{80B9C8FA-2099-43E8-821D-6A1D300897FA}.Debug|Any CPU.ActiveCfg = Debug|Any CPU
		{80B9C8FA-2099-43E8-821D-6A1D300897FA}.Debug|Any CPU.Build.0 = Debug|Any CPU
		{80B9C8FA-2099-43E8-821D-6A1D300897FA}.PreProd|Any CPU.ActiveCfg = Release|Any CPU
		{80B9C8FA-2099-43E8-821D-6A1D300897FA}.PreProd|Any CPU.Build.0 = Release|Any CPU
		{80B9C8FA-2099-43E8-821D-6A1D300897FA}.Production|Any CPU.ActiveCfg = Release|Any CPU
		{80B9C8FA-2099-43E8-821D-6A1D300897FA}.Production|Any CPU.Build.0 = Release|Any CPU
		{80B9C8FA-2099-43E8-821D-6A1D300897FA}.QA|Any CPU.ActiveCfg = Release|Any CPU
		{80B9C8FA-2099-43E8-821D-6A1D300897FA}.QA|Any CPU.Build.0 = Release|Any CPU
		{80B9C8FA-2099-43E8-821D-6A1D300897FA}.Release|Any CPU.ActiveCfg = Release|Any CPU
		{80B9C8FA-2099-43E8-821D-6A1D300897FA}.Release|Any CPU.Build.0 = Release|Any CPU
		{80B9C8FA-2099-43E8-821D-6A1D300897FA}.UAT|Any CPU.ActiveCfg = Release|Any CPU
		{80B9C8FA-2099-43E8-821D-6A1D300897FA}.UAT|Any CPU.Build.0 = Release|Any CPU
	EndGlobalSection
	GlobalSection(SolutionProperties) = preSolution
		HideSolutionNode = FALSE
	EndGlobalSection
EndGlobal
